lockfileVersion: '9.0'

settings:
  autoInstallPeers: true
  excludeLinksFromLockfile: false

importers:

  .:
    devDependencies:
      '@modelcontextprotocol/client':
        specifier: 2.0.0
        version: 2.0.0
      '@modelcontextprotocol/server':
        specifier: 2.0.0
        version: 2.0.0
      '@types/node':
        specifier: ^24.0.0
        version: 24.13.3
      pyright:
        specifier: ^1.1.413
        version: 1.1.413
      typescript:
        specifier: ^5.6.0
        version: 5.9.3
      typescript-language-server:
        specifier: 4.4.1
        version: 4.4.1

  apps/my-pi-mcp:
    dependencies:
      '@my-pi/contracts':
        specifier: workspace:*
        version: link:../../packages/contracts
      '@my-pi/host-profiles':
        specifier: workspace:*
        version: link:../../packages/host-profiles
      '@my-pi/mcp-adapter':
        specifier: workspace:*
        version: link:../../packages/mcp-adapter
      '@my-pi/workspace-runtime':
        specifier: workspace:*
        version: link:../../packages/workspace-runtime

  packages/artifact-store:
    dependencies:
      '@my-pi/contracts':
        specifier: workspace:*
        version: link:../contracts

  packages/ast:
    dependencies:
      '@my-pi/contracts':
        specifier: workspace:*
        version: link:../contracts
      '@my-pi/native-ports':
        specifier: workspace:*
        version: link:../native-ports
      '@my-pi/workspace-runtime':
        specifier: workspace:*
        version: link:../workspace-runtime
      tree-sitter-wasms:
        specifier: ^0.1.13
        version: 0.1.13
      web-tree-sitter:
        specifier: ^0.22.6
        version: 0.22.6

  packages/contracts: {}

  packages/fs:
    dependencies:
      '@my-pi/contracts':
        specifier: workspace:*
        version: link:../contracts
      '@my-pi/hashline':
        specifier: workspace:*
        version: link:../hashline
      '@my-pi/workspace-runtime':
        specifier: workspace:*
        version: link:../workspace-runtime

  packages/hashline:
    dependencies:
      '@my-pi/contracts':
        specifier: workspace:*
        version: link:../contracts

  packages/host-profiles:
    dependencies:
      '@my-pi/contracts':
        specifier: workspace:*
        version: link:../contracts

  packages/lsp:
    dependencies:
      '@my-pi/contracts':
        specifier: workspace:*
        version: link:../contracts
      '@my-pi/workspace-runtime':
        specifier: workspace:*
        version: link:../workspace-runtime

  packages/mcp-adapter:
    dependencies:
      '@modelcontextprotocol/core':
        specifier: 2.0.0
        version: 2.0.0
      '@modelcontextprotocol/server':
        specifier: 2.0.0
        version: 2.0.0
      '@my-pi/artifact-store':
        specifier: workspace:*
        version: link:../artifact-store
      '@my-pi/ast':
        specifier: workspace:*
        version: link:../ast
      '@my-pi/contracts':
        specifier: workspace:*
        version: link:../contracts
      '@my-pi/fs':
        specifier: workspace:*
        version: link:../fs
      '@my-pi/hashline':
        specifier: workspace:*
        version: link:../hashline
      '@my-pi/lsp':
        specifier: workspace:*
        version: link:../lsp
      '@my-pi/native-ports':
        specifier: workspace:*
        version: link:../native-ports
      '@my-pi/observability':
        specifier: workspace:*
        version: link:../observability
      '@my-pi/policy':
        specifier: workspace:*
        version: link:../policy
      '@my-pi/search':
        specifier: workspace:*
        version: link:../search
      '@my-pi/vcs':
        specifier: workspace:*
        version: link:../vcs
      '@my-pi/workspace-runtime':
        specifier: workspace:*
        version: link:../workspace-runtime
      zod:
        specifier: ^4.5.4
        version: 4.5.4

  packages/native-loader:
    dependencies:
      '@my-pi/contracts':
        specifier: workspace:*
        version: link:../contracts

  packages/native-ports:
    dependencies:
      '@my-pi/contracts':
        specifier: workspace:*
        version: link:../contracts

  packages/observability:
    dependencies:
      '@my-pi/contracts':
        specifier: workspace:*
        version: link:../contracts

  packages/policy:
    dependencies:
      '@my-pi/contracts':
        specifier: workspace:*
        version: link:../contracts

  packages/search:
    dependencies:
      '@my-pi/contracts':
        specifier: workspace:*
        version: link:../contracts
      '@my-pi/native-loader':
        specifier: workspace:*
        version: link:../native-loader
      '@my-pi/native-ports':
        specifier: workspace:*
        version: link:../native-ports
      '@my-pi/policy':
        specifier: workspace:*
        version: link:../policy
      '@my-pi/workspace-runtime':
        specifier: workspace:*
        version: link:../workspace-runtime

  packages/testing:
    dependencies:
      '@my-pi/contracts':
        specifier: workspace:*
        version: link:../contracts

  packages/vcs:
    dependencies:
      '@my-pi/artifact-store':
        specifier: workspace:*
        version: link:../artifact-store
      '@my-pi/contracts':
        specifier: workspace:*
        version: link:../contracts
      '@my-pi/native-ports':
        specifier: workspace:*
        version: link:../native-ports
      '@my-pi/workspace-runtime':
        specifier: workspace:*
        version: link:../workspace-runtime

  packages/workspace-runtime:
    dependencies:
      '@my-pi/contracts':
        specifier: workspace:*
        version: link:../contracts
      '@my-pi/hashline':
        specifier: workspace:*
        version: link:../hashline
      '@my-pi/observability':
        specifier: workspace:*
        version: link:../observability
      '@my-pi/policy':
        specifier: workspace:*
        version: link:../policy

packages:

  '@modelcontextprotocol/client@2.0.0':
    resolution: {integrity: sha512-8f1OghQ2rjzIOfqgUCP+8GiUWqRs89njoWLNqAe8kWmDePv3s1fZXseej+QXemssEuuOvLLmLO/kqM3IQHtISw==}
    engines: {node: '>=20'}

  '@modelcontextprotocol/core@2.0.0':
    resolution: {integrity: sha512-pJCEwGG7Lfr/+PQp9ZTwKXNeO5wzbfKL7H3MYpCorM4oFBoQrdjnBgEoqG+RjhsvS1FKrDbKux+M1HhlnGWqcA==}
    engines: {node: '>=20'}

  '@modelcontextprotocol/server@2.0.0':
    resolution: {integrity: sha512-YhHWdHfpFMQfd0prsEnxKeS3Qz3ytIGmsS0sth4KDjnacIT7hxk6hXHkJ9KysxlkvTM+WZAtQbbcUhdoP4Hvtw==}
    engines: {node: '>=20'}

  '@types/node@24.13.3':
    resolution: {integrity: sha512-Dh8vAsV36ig5wa9OX4pXvMc9D3Veibfw2wix0CUwYODLD8nkj9UsLjASr49nPg+2eKzxhBV+v7L8pXvT4e639Q==}

  cross-spawn@7.0.6:
    resolution: {integrity: sha512-uV2QOWP2nWzsy2aMp8aRibhi9dlzF5Hgh5SHaB9OiTGEyDTiJJyx0uy51QXdyWbtAHNua4XJzUKca3OzKUd3vA==}
    engines: {node: '>= 8'}

  eventsource-parser@3.1.1:
    resolution: {integrity: sha512-EKN1vKAMcZ8MlYMpaNuxN6R9yakzH6uajHcHVTqWJzvu5pWw9DyhbP35HH8MVBQ+dZjAfDxk+A8NiR9KWaXiyQ==}
    engines: {node: '>=18.0.0'}

  eventsource@3.0.7:
    resolution: {integrity: sha512-CRT1WTyuQoD771GW56XEZFQ/ZoSfWid1alKGDYMmkt2yl8UXrVR4pspqWNEcqKvVIzg6PAltWjxcSSPrboA4iA==}
    engines: {node: '>=18.0.0'}

  fsevents@2.3.3:
    resolution: {integrity: sha512-5xoDfX+fL7faATnagmWPpbFtwh/R77WmMMqqHGS65C3vvB0YHrgF+B1YmZ3441tMj5n63k0212XNoJwzlhffQw==}
    engines: {node: ^8.16.0 || ^10.6.0 || >=11.0.0}
    os: [darwin]

  isexe@2.0.0:
    resolution: {integrity: sha512-RHxMLp9lnKHGHRng9QFhRCMbYAcVpn69smSGcq3f36xjgVVWThj4qqLbTLlq7Ssj8B+fIQ1EuCEGI2lKsyQeIw==}

  jose@6.2.10:
    resolution: {integrity: sha512-iiW7J9qRFlGxvCOIBDBDxFePQSn7ZMAnrYGhrrOo6siO/MIqwfyilLR27pkfDgUk+raLuzADS8A3S/KLBisc0g==}

  path-key@3.1.1:
    resolution: {integrity: sha512-ojmeN0qd+y0jszEtoY48r0Peq5dwMEkIlCOu6Q5f41lfkswXuKtYrhgoTpLnyIcHm24Uhqx+5Tqm2InSwLhE6Q==}
    engines: {node: '>=8'}

  pkce-challenge@5.0.1:
    resolution: {integrity: sha512-wQ0b/W4Fr01qtpHlqSqspcj3EhBvimsdh0KlHhH8HRZnMsEa0ea2fTULOXOS9ccQr3om+GcGRk4e+isrZWV8qQ==}
    engines: {node: '>=16.20.0'}

  pyright@1.1.413:
    resolution: {integrity: sha512-1lpxKrh0DHHpfAQOfciZo2ojua2jase3wwO9at8kldc+F/p1PBscxA5CQ3G1qg5lMOMhXo6ZaiMLMXEAqADIAg==}
    engines: {node: '>=14.0.0'}
    hasBin: true

  shebang-command@2.0.0:
    resolution: {integrity: sha512-kHxr2zZpYtdmrN1qDjrrX/Z1rR1kG8Dx+gkpK1G4eXmvXswmcE1hTWBWYUzlraYw1/yZp6YuDY77YtvbN0dmDA==}
    engines: {node: '>=8'}

  shebang-regex@3.0.0:
    resolution: {integrity: sha512-7++dFhtcx3353uBaq8DDR4NuxBetBzC7ZQOhmTQInHEd6bSrXdiEyzCvG07Z44UYdLShWUyXt5M/yhz8ekcb1A==}
    engines: {node: '>=8'}

  tree-sitter-wasms@0.1.13:
    resolution: {integrity: sha512-wT+cR6DwaIz80/vho3AvSF0N4txuNx/5bcRKoXouOfClpxh/qqrF4URNLQXbbt8MaAxeksZcZd1j8gcGjc+QxQ==}

  typescript-language-server@4.4.1:
    resolution: {integrity: sha512-vEvDw+cjY75afMN2rhx0z8sQtFDAUHoBniksBmB6NUZlDt0rEIwQq01VMiqyXFm9uZwcED2475cmDeXxoDHleg==}
    engines: {node: '>=18'}
    hasBin: true

  typescript@5.9.3:
    resolution: {integrity: sha512-jl1vZzPDinLr9eUt3J/t7V6FgNEw9QjvBPdysz9KfQDD41fQrC2Y4vKQdiaUpFT4bXlb1RHhLpp8wtm6M5TgSw==}
    engines: {node: '>=14.17'}
    hasBin: true

  undici-types@7.18.2:
    resolution: {integrity: sha512-AsuCzffGHJybSaRrmr5eHr81mwJU3kjw6M+uprWvCXiNeN9SOGwQ3Jn8jb8m3Z6izVgknn1R0FTCEAP2QrLY/w==}

  vscode-jsonrpc@5.0.1:
    resolution: {integrity: sha512-JvONPptw3GAQGXlVV2utDcHx0BiY34FupW/kI6mZ5x06ER5DdPG/tXWMVHjTNULF5uKPOUUD0SaXg5QaubJL0A==}
    engines: {node: '>=8.0.0 || >=10.0.0'}

  vscode-jsonrpc@9.0.2:
    resolution: {integrity: sha512-SbQSV9yRemARxeXw6LU5sS6Zq0e9/DgCCX5yelH263ZQWukbTk8EF8fjTrr1dziasf4GwlJbvTwFnTrnQFWZXQ==}
    engines: {node: '>=14.0.0'}

  vscode-languageserver-protocol@3.18.3:
    resolution: {integrity: sha512-DF49+WeV5py4zO5hhobp60jjsDSK0lAqA0OuKBLBvp423HPWQcCbhZz3JgyfIewsEz2f8U+X75xNIFHdiXZm2w==}

  vscode-languageserver-types@3.18.3:
    resolution: {integrity: sha512-XIlzJ7Qp/jzSI1ds7/FwPAWrPeTZA7pAtlW4hdJ1J6xXWJL6dR9QYnDhJOdLzdKhUQ5Mm6mvUMw+3DcOQQasPw==}

  web-tree-sitter@0.22.6:
    resolution: {integrity: sha512-hS87TH71Zd6mGAmYCvlgxeGDjqd9GTeqXNqTT+u0Gs51uIozNIaaq/kUAbV/Zf56jb2ZOyG8BxZs2GG9wbLi6Q==}

  which@2.0.2:
    resolution: {integrity: sha512-BLI3Tl1TW3Pvl70l3yq3Y64i+awpwXqsGBYWkkqMtnbXgrMD+yj7rhW0kuEDxzJaYXGjEW5ogapKNMEKNMjibA==}
    engines: {node: '>= 8'}
    hasBin: true

  zod@4.5.4:
    resolution: {integrity: sha512-sC95tT5iHHH9gtpj6A81kh+NEaRAUFN+qlUPDUbRfOMvNf5QCBqsb3WgvnpVtK5Y+4UfA6KqufotuTvMGiTlsA==}

snapshots:

  '@modelcontextprotocol/client@2.0.0':
    dependencies:
      '@modelcontextprotocol/core': 2.0.0
      cross-spawn: 7.0.6
      eventsource: 3.0.7
      eventsource-parser: 3.1.1
      jose: 6.2.10
      pkce-challenge: 5.0.1
      zod: 4.5.4

  '@modelcontextprotocol/core@2.0.0':
    dependencies:
      zod: 4.5.4

  '@modelcontextprotocol/server@2.0.0':
    dependencies:
      '@modelcontextprotocol/core': 2.0.0
      zod: 4.5.4

  '@types/node@24.13.3':
    dependencies:
      undici-types: 7.18.2

  cross-spawn@7.0.6:
    dependencies:
      path-key: 3.1.1
      shebang-command: 2.0.0
      which: 2.0.2

  eventsource-parser@3.1.1: {}

  eventsource@3.0.7:
    dependencies:
      eventsource-parser: 3.1.1

  fsevents@2.3.3:
    optional: true

  isexe@2.0.0: {}

  jose@6.2.10: {}

  path-key@3.1.1: {}

  pkce-challenge@5.0.1: {}

  pyright@1.1.413:
    optionalDependencies:
      fsevents: 2.3.3

  shebang-command@2.0.0:
    dependencies:
      shebang-regex: 3.0.0

  shebang-regex@3.0.0: {}

  tree-sitter-wasms@0.1.13: {}

  typescript-language-server@4.4.1:
    dependencies:
      vscode-jsonrpc: 5.0.1
      vscode-languageserver-protocol: 3.18.3

  typescript@5.9.3: {}

  undici-types@7.18.2: {}

  vscode-jsonrpc@5.0.1: {}

  vscode-jsonrpc@9.0.2: {}

  vscode-languageserver-protocol@3.18.3:
    dependencies:
      vscode-jsonrpc: 9.0.2
      vscode-languageserver-types: 3.18.3

  vscode-languageserver-types@3.18.3: {}

  web-tree-sitter@0.22.6: {}

  which@2.0.2:
    dependencies:
      isexe: 2.0.0

  zod@4.5.4: {}
